
Microsoft Visual Studio Solution File, Format Version 12.00
# Visual Studio 15
VisualStudioVersion = 15.0.28307.645
MinimumVisualStudioVersion = 10.0.40219.1
Project("{FAE04EC0-301F-11D3-BF4B-00C04F79EFBC}") = "Application_state", "Application_state\Application_state.csproj", "{FE067FD4-383A-4847-A78E-1FBE2DE436F4}"
EndProject
Global
	GlobalSection(SolutionConfigurationPlatforms) = preSolution
		Debug|Any CPU = Debug|Any CPU
		Release|Any CPU = Release|Any CPU
	EndGlobalSection
	GlobalSection(ProjectConfigurationPlatforms) = postSolution
		{FE067FD4-383A-4847-A78E-1FBE2DE436F4}.Debug|Any CPU.ActiveCfg = Debug|Any CPU
		{FE067FD4-383A-4847-A78E-1FBE2DE436F4}.Debug|Any CPU.Build.0 = Debug|Any CPU
		{FE067FD4-383A-4847-A78E-1FBE2DE436F4}.Release|Any CPU.ActiveCfg = Release|Any CPU
		{FE067FD4-383A-4847-A78E-1FBE2DE436F4}.Release|Any CPU.Build.0 = Release|Any CPU
	EndGlobalSection
	GlobalSection(SolutionProperties) = preSolution
		HideSolutionNode = FALSE
	EndGlobalSection
	GlobalSection(ExtensibilityGlobals) = postSolution
		SolutionGuid = {DF299BC7-15BF-49DA-A36D-8321232F0398}
	EndGlobalSection
EndGlobal
